version = 1
revision = 1
requires-python = ">=3.13, <4"

[[package]]
name = "anyio"
version = "4.8.0"
source = { registry = "https://pypi.org/simple" }
dependencies = [
    { name = "idna" },
    { name = "sniffio" },
]
sdist = { url = "https://files.pythonhosted.org/packages/a3/73/199a98fc2dae33535d6b8e8e6ec01f8c1d76c9adb096c6b7d64823038cde/anyio-4.8.0.tar.gz", hash = "sha256:1d9fe889df5212298c0c0723fa20479d1b94883a2df44bd3897aa91083316f7a", size = 181126 }
wheels = [
    { url = "https://files.pythonhosted.org/packages/46/eb/e7f063ad1fec6b3178a3cd82d1a3c4de82cccf283fc42746168188e1cdd5/anyio-4.8.0-py3-none-any.whl", hash = "sha256:b5011f270ab5eb0abf13385f851315585cc37ef330dd88e27ec3d34d651fd47a", size = 96041 },
]

[[package]]
name = "asgiref"
version = "3.8.1"
source = { registry = "https://pypi.org/simple" }
sdist = { url = "https://files.pythonhosted.org/packages/29/38/b3395cc9ad1b56d2ddac9970bc8f4141312dbaec28bc7c218b0dfafd0f42/asgiref-3.8.1.tar.gz", hash = "sha256:c343bd80a0bec947a9860adb4c432ffa7db769836c64238fc34bdc3fec84d590", size = 35186 }
wheels = [
    { url = "https://files.pythonhosted.org/packages/39/e3/893e8757be2612e6c266d9bb58ad2e3651524b5b40cf56761e985a28b13e/asgiref-3.8.1-py3-none-any.whl", hash = "sha256:3e1e3ecc849832fe52ccf2cb6686b7a55f82bb1d6aee72a58826471390335e47", size = 23828 },
]

[[package]]
name = "attrs"
version = "24.3.0"
source = { registry = "https://pypi.org/simple" }
sdist = { url = "https://files.pythonhosted.org/packages/48/c8/6260f8ccc11f0917360fc0da435c5c9c7504e3db174d5a12a1494887b045/attrs-24.3.0.tar.gz", hash = "sha256:8f5c07333d543103541ba7be0e2ce16eeee8130cb0b3f9238ab904ce1e85baff", size = 805984 }
wheels = [
    { url = "https://files.pythonhosted.org/packages/89/aa/ab0f7891a01eeb2d2e338ae8fecbe57fcebea1a24dbb64d45801bfab481d/attrs-24.3.0-py3-none-any.whl", hash = "sha256:ac96cd038792094f438ad1f6ff80837353805ac950cd2aa0e0625ef19850c308", size = 63397 },
]

[[package]]
name = "click"
version = "8.1.8"
source = { registry = "https://pypi.org/simple" }
dependencies = [
    { name = "colorama", marker = "sys_platform == 'win32'" },
]
sdist = { url = "https://files.pythonhosted.org/packages/b9/2e/0090cbf739cee7d23781ad4b89a9894a41538e4fcf4c31dcdd705b78eb8b/click-8.1.8.tar.gz", hash = "sha256:ed53c9d8990d83c2a27deae68e4ee337473f6330c040a31d4225c9574d16096a", size = 226593 }
wheels = [
    { url = "https://files.pythonhosted.org/packages/7e/d4/7ebdbd03970677812aac39c869717059dbb71a4cfc033ca6e5221787892c/click-8.1.8-py3-none-any.whl", hash = "sha256:63c132bbbed01578a06712a2d1f497bb62d9c1c0d329b7903a866228027263b2", size = 98188 },
]

[[package]]
name = "colorama"
version = "0.4.6"
source = { registry = "https://pypi.org/simple" }
sdist = { url = "https://files.pythonhosted.org/packages/d8/53/6f443c9a4a8358a93a6792e2acffb9d9d5cb0a5cfd8802644b7b1c9a02e4/colorama-0.4.6.tar.gz", hash = "sha256:08695f5cb7ed6e0531a20572697297273c47b8cae5a63ffc6d6ed5c201be6e44", size = 27697 }
wheels = [
    { url = "https://files.pythonhosted.org/packages/d1/d6/3965ed04c63042e047cb6a3e6ed1a63a35087b6a609aa3a15ed8ac56c221/colorama-0.4.6-py2.py3-none-any.whl", hash = "sha256:4f1d9991f5acc0ca119f9d443620b77f9d6b33703e51011c16baf57afb285fc6", size = 25335 },
]

[[package]]
name = "coverage"
version = "7.8.0"
source = { registry = "https://pypi.org/simple" }
sdist = { url = "https://files.pythonhosted.org/packages/19/4f/2251e65033ed2ce1e68f00f91a0294e0f80c80ae8c3ebbe2f12828c4cd53/coverage-7.8.0.tar.gz", hash = "sha256:7a3d62b3b03b4b6fd41a085f3574874cf946cb4604d2b4d3e8dca8cd570ca501", size = 811872 }
wheels = [
    { url = "https://files.pythonhosted.org/packages/f3/21/87e9b97b568e223f3438d93072479c2f36cc9b3f6b9f7094b9d50232acc0/coverage-7.8.0-cp313-cp313-macosx_10_13_x86_64.whl", hash = "sha256:5ac46d0c2dd5820ce93943a501ac5f6548ea81594777ca585bf002aa8854cacd", size = 211708 },
    { url = "https://files.pythonhosted.org/packages/75/be/882d08b28a0d19c9c4c2e8a1c6ebe1f79c9c839eb46d4fca3bd3b34562b9/coverage-7.8.0-cp313-cp313-macosx_11_0_arm64.whl", hash = "sha256:771eb7587a0563ca5bb6f622b9ed7f9d07bd08900f7589b4febff05f469bea00", size = 211981 },
    { url = "https://files.pythonhosted.org/packages/7a/1d/ce99612ebd58082fbe3f8c66f6d8d5694976c76a0d474503fa70633ec77f/coverage-7.8.0-cp313-cp313-manylinux_2_17_aarch64.manylinux2014_aarch64.whl", hash = "sha256:42421e04069fb2cbcbca5a696c4050b84a43b05392679d4068acbe65449b5c64", size = 245495 },
    { url = "https://files.pythonhosted.org/packages/dc/8d/6115abe97df98db6b2bd76aae395fcc941d039a7acd25f741312ced9a78f/coverage-7.8.0-cp313-cp313-manylinux_2_5_i686.manylinux1_i686.manylinux_2_17_i686.manylinux2014_i686.whl", hash = "sha256:554fec1199d93ab30adaa751db68acec2b41c5602ac944bb19187cb9a41a8067", size = 242538 },
    { url = "https://files.pythonhosted.org/packages/cb/74/2f8cc196643b15bc096d60e073691dadb3dca48418f08bc78dd6e899383e/coverage-7.8.0-cp313-cp313-manylinux_2_5_x86_64.manylinux1_x86_64.manylinux_2_17_x86_64.manylinux2014_x86_64.whl", hash = "sha256:5aaeb00761f985007b38cf463b1d160a14a22c34eb3f6a39d9ad6fc27cb73008", size = 244561 },
    { url = "https://files.pythonhosted.org/packages/22/70/c10c77cd77970ac965734fe3419f2c98665f6e982744a9bfb0e749d298f4/coverage-7.8.0-cp313-cp313-musllinux_1_2_aarch64.whl", hash = "sha256:581a40c7b94921fffd6457ffe532259813fc68eb2bdda60fa8cc343414ce3733", size = 244633 },
    { url = "https://files.pythonhosted.org/packages/38/5a/4f7569d946a07c952688debee18c2bb9ab24f88027e3d71fd25dbc2f9dca/coverage-7.8.0-cp313-cp313-musllinux_1_2_i686.whl", hash = "sha256:f319bae0321bc838e205bf9e5bc28f0a3165f30c203b610f17ab5552cff90323", size = 242712 },
    { url = "https://files.pythonhosted.org/packages/bb/a1/03a43b33f50475a632a91ea8c127f7e35e53786dbe6781c25f19fd5a65f8/coverage-7.8.0-cp313-cp313-musllinux_1_2_x86_64.whl", hash = "sha256:04bfec25a8ef1c5f41f5e7e5c842f6b615599ca8ba8391ec33a9290d9d2db3a3", size = 244000 },
    { url = "https://files.pythonhosted.org/packages/6a/89/ab6c43b1788a3128e4d1b7b54214548dcad75a621f9d277b14d16a80d8a1/coverage-7.8.0-cp313-cp313-win32.whl", hash = "sha256:dd19608788b50eed889e13a5d71d832edc34fc9dfce606f66e8f9f917eef910d", size = 214195 },
    { url = "https://files.pythonhosted.org/packages/12/12/6bf5f9a8b063d116bac536a7fb594fc35cb04981654cccb4bbfea5dcdfa0/coverage-7.8.0-cp313-cp313-win_amd64.whl", hash = "sha256:a9abbccd778d98e9c7e85038e35e91e67f5b520776781d9a1e2ee9d400869487", size = 214998 },
    { url = "https://files.pythonhosted.org/packages/2a/e6/1e9df74ef7a1c983a9c7443dac8aac37a46f1939ae3499424622e72a6f78/coverage-7.8.0-cp313-cp313t-macosx_10_13_x86_64.whl", hash = "sha256:18c5ae6d061ad5b3e7eef4363fb27a0576012a7447af48be6c75b88494c6cf25", size = 212541 },
    { url = "https://files.pythonhosted.org/packages/04/51/c32174edb7ee49744e2e81c4b1414ac9df3dacfcb5b5f273b7f285ad43f6/coverage-7.8.0-cp313-cp313t-macosx_11_0_arm64.whl", hash = "sha256:95aa6ae391a22bbbce1b77ddac846c98c5473de0372ba5c463480043a07bff42", size = 212767 },
    { url = "https://files.pythonhosted.org/packages/e9/8f/f454cbdb5212f13f29d4a7983db69169f1937e869a5142bce983ded52162/coverage-7.8.0-cp313-cp313t-manylinux_2_17_aarch64.manylinux2014_aarch64.whl", hash = "sha256:e013b07ba1c748dacc2a80e69a46286ff145935f260eb8c72df7185bf048f502", size = 256997 },
    { url = "https://files.pythonhosted.org/packages/e6/74/2bf9e78b321216d6ee90a81e5c22f912fc428442c830c4077b4a071db66f/coverage-7.8.0-cp313-cp313t-manylinux_2_5_i686.manylinux1_i686.manylinux_2_17_i686.manylinux2014_i686.whl", hash = "sha256:d766a4f0e5aa1ba056ec3496243150698dc0481902e2b8559314368717be82b1", size = 252708 },
    { url = "https://files.pythonhosted.org/packages/92/4d/50d7eb1e9a6062bee6e2f92e78b0998848a972e9afad349b6cdde6fa9e32/coverage-7.8.0-cp313-cp313t-manylinux_2_5_x86_64.manylinux1_x86_64.manylinux_2_17_x86_64.manylinux2014_x86_64.whl", hash = "sha256:ad80e6b4a0c3cb6f10f29ae4c60e991f424e6b14219d46f1e7d442b938ee68a4", size = 255046 },
    { url = "https://files.pythonhosted.org/packages/40/9e/71fb4e7402a07c4198ab44fc564d09d7d0ffca46a9fb7b0a7b929e7641bd/coverage-7.8.0-cp313-cp313t-musllinux_1_2_aarch64.whl", hash = "sha256:b87eb6fc9e1bb8f98892a2458781348fa37e6925f35bb6ceb9d4afd54ba36c73", size = 256139 },
    { url = "https://files.pythonhosted.org/packages/49/1a/78d37f7a42b5beff027e807c2843185961fdae7fe23aad5a4837c93f9d25/coverage-7.8.0-cp313-cp313t-musllinux_1_2_i686.whl", hash = "sha256:d1ba00ae33be84066cfbe7361d4e04dec78445b2b88bdb734d0d1cbab916025a", size = 254307 },
    { url = "https://files.pythonhosted.org/packages/58/e9/8fb8e0ff6bef5e170ee19d59ca694f9001b2ec085dc99b4f65c128bb3f9a/coverage-7.8.0-cp313-cp313t-musllinux_1_2_x86_64.whl", hash = "sha256:f3c38e4e5ccbdc9198aecc766cedbb134b2d89bf64533973678dfcf07effd883", size = 255116 },
    { url = "https://files.pythonhosted.org/packages/56/b0/d968ecdbe6fe0a863de7169bbe9e8a476868959f3af24981f6a10d2b6924/coverage-7.8.0-cp313-cp313t-win32.whl", hash = "sha256:379fe315e206b14e21db5240f89dc0774bdd3e25c3c58c2c733c99eca96f1ada", size = 214909 },
    { url = "https://files.pythonhosted.org/packages/87/e9/d6b7ef9fecf42dfb418d93544af47c940aa83056c49e6021a564aafbc91f/coverage-7.8.0-cp313-cp313t-win_amd64.whl", hash = "sha256:2e4b6b87bb0c846a9315e3ab4be2d52fac905100565f4b92f02c445c8799e257", size = 216068 },
    { url = "https://files.pythonhosted.org/packages/59/f1/4da7717f0063a222db253e7121bd6a56f6fb1ba439dcc36659088793347c/coverage-7.8.0-py3-none-any.whl", hash = "sha256:dbf364b4c5e7bae9250528167dfe40219b62e2d573c854d74be213e1e52069f7", size = 203435 },
]

[[package]]
name = "django"
version = "5.1.4"
source = { registry = "https://pypi.org/simple" }
dependencies = [
    { name = "asgiref" },
    { name = "sqlparse" },
    { name = "tzdata", marker = "sys_platform == 'win32'" },
]
sdist = { url = "https://files.pythonhosted.org/packages/d3/e8/536555596dbb79f6e77418aeb40bdc1758c26725aba31919ba449e6d5e6a/Django-5.1.4.tar.gz", hash = "sha256:de450c09e91879fa5a307f696e57c851955c910a438a35e6b4c895e86bedc82a", size = 10716397 }
wheels = [
    { url = "https://files.pythonhosted.org/packages/58/0b/8a4ab2c02982df4ed41e29f28f189459a7eba37899438e6bea7f39db793b/Django-5.1.4-py3-none-any.whl", hash = "sha256:236e023f021f5ce7dee5779de7b286565fdea5f4ab86bae5338e3f7b69896cf0", size = 8276471 },
]

[[package]]
name = "django-cotton"
version = "2.0.3"
source = { registry = "https://pypi.org/simple" }
dependencies = [
    { name = "django" },
]
sdist = { url = "https://files.pythonhosted.org/packages/5b/43/49c48d880ac1461356ddd1a70c74be211db1cf499219ed4cfe54d0e02719/django_cotton-2.0.3.tar.gz", hash = "sha256:ffce33d8e680718928e67fe7e9c6bc64c9d03fea0098b313863728fc38c049bf", size = 21555 }
wheels = [
    { url = "https://files.pythonhosted.org/packages/9f/1f/c4277217d24279451901252da6b2d3e7709efe7f1be9aa1d668c99f36d80/django_cotton-2.0.3-py3-none-any.whl", hash = "sha256:53fc1d7756c3728ca9c76c1402758c6778147e0653b12cb3890a5f5e679125e4", size = 21206 },
]

[[package]]
name = "django-debug-toolbar"
version = "4.4.6"
source = { registry = "https://pypi.org/simple" }
dependencies = [
    { name = "django" },
    { name = "sqlparse" },
]
sdist = { url = "https://files.pythonhosted.org/packages/d4/9c/0a3238eda0a46df20f2e3fe2a30313d34f5042a1a737d08230b77c29a3e9/django_debug_toolbar-4.4.6.tar.gz", hash = "sha256:36e421cb908c2f0675e07f9f41e3d1d8618dc386392ec82d23bcfcd5d29c7044", size = 272610 }
wheels = [
    { url = "https://files.pythonhosted.org/packages/2f/33/2036a472eedfbe49240dffea965242b3f444de4ea4fbeceb82ccea33a2ce/django_debug_toolbar-4.4.6-py3-none-any.whl", hash = "sha256:3beb671c9ec44ffb817fad2780667f172bd1c067dbcabad6268ce39a81335f45", size = 229621 },
]

[[package]]
name = "django-environ"
version = "0.12.0"
source = { registry = "https://pypi.org/simple" }
sdist = { url = "https://files.pythonhosted.org/packages/d6/04/65d2521842c42f4716225f20d8443a50804920606aec018188bbee30a6b0/django_environ-0.12.0.tar.gz", hash = "sha256:227dc891453dd5bde769c3449cf4a74b6f2ee8f7ab2361c93a07068f4179041a", size = 56804 }
wheels = [
    { url = "https://files.pythonhosted.org/packages/83/b3/0a3bec4ecbfee960f39b1842c2f91e4754251e0a6ed443db9fe3f666ba8f/django_environ-0.12.0-py2.py3-none-any.whl", hash = "sha256:92fb346a158abda07ffe6eb23135ce92843af06ecf8753f43adf9d2366dcc0ca", size = 19957 },
]

[[package]]
name = "django-formset"
version = "1.6.1"
source = { registry = "https://pypi.org/simple" }
dependencies = [
    { name = "django" },
]
sdist = { url = "https://files.pythonhosted.org/packages/93/81/f028b4e4f65a163d28f18c692c27c06c81118d67b5d3a5d40ce18acd96e8/django_formset-1.6.1.tar.gz", hash = "sha256:0c8e3b6f7f1e33a44c4513b0c69533d479a146b12a045454bfc056c4ad84d159", size = 789457 }
wheels = [
    { url = "https://files.pythonhosted.org/packages/fd/ad/1dfb5b20a9a22e0275b31c6aabc43d35c3b9f5d6e2e1a69c8976423bc364/django_formset-1.6.1-py3-none-any.whl", hash = "sha256:25dd6541be457f91ebf3b8ad778dfb211a0d54865e489eba6f7f505ac802bdc0", size = 1098580 },
]

[[package]]
name = "django-ipware"
version = "7.0.1"
source = { registry = "https://pypi.org/simple" }
dependencies = [
    { name = "python-ipware" },
]
sdist = { url = "https://files.pythonhosted.org/packages/23/64/c7e4791edf01ba483cce444770b3e6a930ba12195ba1eeb37b5bf6dce8a8/django-ipware-7.0.1.tar.gz", hash = "sha256:d9ec43d2bf7cdf216fed8d494a084deb5761a54860a53b2e74346a4f384cff47", size = 6827 }
wheels = [
    { url = "https://files.pythonhosted.org/packages/11/33/bf539925b102d68200da5b1d3eacb8aa5d5d9a065972e8b8724d0d53bb0d/django_ipware-7.0.1-py2.py3-none-any.whl", hash = "sha256:db16bbee920f661ae7f678e4270460c85850f03c6761a4eaeb489bdc91f64709", size = 6425 },
]

[[package]]
name = "django-structlog"
version = "9.0.0"
source = { registry = "https://pypi.org/simple" }
dependencies = [
    { name = "asgiref" },
    { name = "django" },
    { name = "django-ipware" },
    { name = "structlog" },
]
sdist = { url = "https://files.pythonhosted.org/packages/28/43/3d849f0e4bed479f283923ff07cb64dc1e0c0af7a3ed0ba3052725a4d48b/django_structlog-9.0.0.tar.gz", hash = "sha256:0ada1ac0fa4e90a499fc9ce22fc164830304e7219cab12d3b5ef9c2f2967ff5b", size = 22349 }
wheels = [
    { url = "https://files.pythonhosted.org/packages/47/6c/991eedcab585203a008eafdbb0c63510595a4fb5ba8bb91098fa1b7184e5/django_structlog-9.0.0-py3-none-any.whl", hash = "sha256:8c32097b3f09b2727b746d6cdf4f50565c62fd040b3a0c98cb731de0b380b854", size = 17535 },
]

[[package]]
name = "django-unpoly-playground"
version = "0.1.0"
source = { virtual = "." }
dependencies = [
    { name = "django" },
    { name = "django-cotton" },
    { name = "django-environ" },
    { name = "django-formset" },
    { name = "django-structlog" },
    { name = "django-vite" },
    { name = "granian" },
    { name = "psycopg", extra = ["binary"] },
    { name = "unpoly" },
    { name = "whitenoise" },
]

[package.dev-dependencies]
dev = [
    { name = "django-debug-toolbar" },
    { name = "granian", extra = ["reload"] },
    { name = "ruff" },
]
test = [
    { name = "coverage" },
    { name = "pytest-django" },
]

[package.metadata]
requires-dist = [
    { name = "django", specifier = ">=5.1.4" },
    { name = "django-cotton", specifier = ">=1.5.2" },
    { name = "django-environ", specifier = ">=0.11.2" },
    { name = "django-formset", specifier = ">=1.6.1" },
    { name = "django-structlog", specifier = ">=9.0.0" },
    { name = "django-vite", specifier = ">=3.0.6" },
    { name = "granian", specifier = ">=1.7.4" },
    { name = "psycopg", extras = ["binary"], specifier = ">=3.2.3" },
    { name = "unpoly", specifier = ">=3.1.0" },
    { name = "whitenoise", specifier = ">=6.8.2" },
]

[package.metadata.requires-dev]
dev = [
    { name = "django-debug-toolbar", specifier = ">=4.4.6" },
    { name = "granian", extras = ["reload"], specifier = ">=1.7.4" },
    { name = "ruff", specifier = ">=0.9.1" },
]
test = [
    { name = "coverage", specifier = ">=7.8.0" },
    { name = "pytest-django", specifier = ">=4.9.0" },
]

[[package]]
name = "django-vite"
version = "3.0.6"
source = { registry = "https://pypi.org/simple" }
dependencies = [
    { name = "django" },
]
sdist = { url = "https://files.pythonhosted.org/packages/c4/ac/7a162675d34e8e7fc97c2e444ea26b5d06c12ffb7f8479dd1b7c4a670b3a/django_vite-3.0.6.tar.gz", hash = "sha256:363ca9fd774eb228b27f710a9179c68f61e27bb95b41b1f790ee5a0a0e215b14", size = 21462 }
wheels = [
    { url = "https://files.pythonhosted.org/packages/f6/27/9901193991945213c1fd07b14d1726b8712ee4a1910ebe6b3be24fe24813/django_vite-3.0.6-py3-none-any.whl", hash = "sha256:3ad3716e2afe4569353cda8080f557bac37a5b29ab7a5826d5defd67bfbe8e72", size = 19112 },
]

[[package]]
name = "granian"
version = "1.7.4"
source = { registry = "https://pypi.org/simple" }
dependencies = [
    { name = "click" },
    { name = "uvloop", marker = "platform_python_implementation == 'CPython' and sys_platform != 'win32'" },
]
sdist = { url = "https://files.pythonhosted.org/packages/80/f0/901398f24683ef0f38788594f8a241893056ce12640ca125d15f74732f9d/granian-1.7.4.tar.gz", hash = "sha256:6c4a34919106269c36e200d39775ef5697e0e0c2c0ddbd78edbf1ebc71d2142c", size = 81446 }
wheels = [
    { url = "https://files.pythonhosted.org/packages/b5/87/ae5ae88aa4d2e6a77ebdb085d028fa9a3a955586eae45127e4cb8b86c18e/granian-1.7.4-cp313-cp313-macosx_10_12_x86_64.whl", hash = "sha256:f87782469ffee2cbae3fcdf4c4b95488e1e4735a88d4e66dc817c66bac319781", size = 2502678 },
    { url = "https://files.pythonhosted.org/packages/dd/6f/713e9f1beffaa2707fc2075ccbbe5f0607678fa39c4ecb9d93e1019a5c9b/granian-1.7.4-cp313-cp313-macosx_11_0_arm64.whl", hash = "sha256:4737bba6dc9b395cc068cf4029639a25117b837db0cf99bfe1409d350a0f79e7", size = 2246543 },
    { url = "https://files.pythonhosted.org/packages/3e/c6/321831b4438724839035fe6fb8ff181c22497fb089d4c70c9bc9eee01f79/granian-1.7.4-cp313-cp313-manylinux_2_17_aarch64.manylinux2014_aarch64.whl", hash = "sha256:373dc337c3061123c68bb13dd2d5e9d9e2f708d92254d82a8419bfe468f162b1", size = 2235382 },
    { url = "https://files.pythonhosted.org/packages/48/b8/29bdc467502b343c0a14b847047fa81040940d554af7ea9d5fb8c87a8c68/granian-1.7.4-cp313-cp313-manylinux_2_17_x86_64.manylinux2014_x86_64.whl", hash = "sha256:fd8c519f0dc909e2ad557d42cc890afeda44b63069ce487618432b1f9819c5e5", size = 2372080 },
    { url = "https://files.pythonhosted.org/packages/6d/2c/1b3fef7b13d265605eea5eeccd883b9c95a8735758afd69474032259ed9d/granian-1.7.4-cp313-cp313-musllinux_1_1_aarch64.whl", hash = "sha256:62a62f77e943ee3a141d9d7993102983e84e7b352251b5940a561a9f6a5596b5", size = 2416673 },
    { url = "https://files.pythonhosted.org/packages/9d/cd/76ad604b34673d30f747abfa6571371091c0b1892f89182aba45ad6c3158/granian-1.7.4-cp313-cp313-musllinux_1_1_x86_64.whl", hash = "sha256:5059378ebcb8c9c3f0ba123effd35b93e9375474bfcf4bef6a1bfaac5a65d8ee", size = 2541671 },
    { url = "https://files.pythonhosted.org/packages/4e/cd/a1f65176d57776fbf82d48fe74722f906cf27e53bcbb41ff8d65250c2bdf/granian-1.7.4-cp313-cp313-win_amd64.whl", hash = "sha256:b0fc3144c21387e3128b485731f587e38ae066a91ebdd1e2e39d4bc84f6c0399", size = 2487918 },
]

[package.optional-dependencies]
reload = [
    { name = "watchfiles" },
]

[[package]]
name = "idna"
version = "3.10"
source = { registry = "https://pypi.org/simple" }
sdist = { url = "https://files.pythonhosted.org/packages/f1/70/7703c29685631f5a7590aa73f1f1d3fa9a380e654b86af429e0934a32f7d/idna-3.10.tar.gz", hash = "sha256:12f65c9b470abda6dc35cf8e63cc574b1c52b11df2c86030af0ac09b01b13ea9", size = 190490 }
wheels = [
    { url = "https://files.pythonhosted.org/packages/76/c6/c88e154df9c4e1a2a66ccf0005a88dfb2650c1dffb6f5ce603dfbd452ce3/idna-3.10-py3-none-any.whl", hash = "sha256:946d195a0d259cbba61165e88e65941f16e9b36ea6ddb97f00452bae8b1287d3", size = 70442 },
]

[[package]]
name = "iniconfig"
version = "2.0.0"
source = { registry = "https://pypi.org/simple" }
sdist = { url = "https://files.pythonhosted.org/packages/d7/4b/cbd8e699e64a6f16ca3a8220661b5f83792b3017d0f79807cb8708d33913/iniconfig-2.0.0.tar.gz", hash = "sha256:2d91e135bf72d31a410b17c16da610a82cb55f6b0477d1a902134b24a455b8b3", size = 4646 }
wheels = [
    { url = "https://files.pythonhosted.org/packages/ef/a6/62565a6e1cf69e10f5727360368e451d4b7f58beeac6173dc9db836a5b46/iniconfig-2.0.0-py3-none-any.whl", hash = "sha256:b6a85871a79d2e3b22d2d1b94ac2824226a63c6b741c88f7ae975f18b6778374", size = 5892 },
]

[[package]]
name = "packaging"
version = "24.2"
source = { registry = "https://pypi.org/simple" }
sdist = { url = "https://files.pythonhosted.org/packages/d0/63/68dbb6eb2de9cb10ee4c9c14a0148804425e13c4fb20d61cce69f53106da/packaging-24.2.tar.gz", hash = "sha256:c228a6dc5e932d346bc5739379109d49e8853dd8223571c7c5b55260edc0b97f", size = 163950 }
wheels = [
    { url = "https://files.pythonhosted.org/packages/88/ef/eb23f262cca3c0c4eb7ab1933c3b1f03d021f2c48f54763065b6f0e321be/packaging-24.2-py3-none-any.whl", hash = "sha256:09abb1bccd265c01f4a3aa3f7a7db064b36514d2cba19a2f694fe6150451a759", size = 65451 },
]

[[package]]
name = "pluggy"
version = "1.5.0"
source = { registry = "https://pypi.org/simple" }
sdist = { url = "https://files.pythonhosted.org/packages/96/2d/02d4312c973c6050a18b314a5ad0b3210edb65a906f868e31c111dede4a6/pluggy-1.5.0.tar.gz", hash = "sha256:2cffa88e94fdc978c4c574f15f9e59b7f4201d439195c3715ca9e2486f1d0cf1", size = 67955 }
wheels = [
    { url = "https://files.pythonhosted.org/packages/88/5f/e351af9a41f866ac3f1fac4ca0613908d9a41741cfcf2228f4ad853b697d/pluggy-1.5.0-py3-none-any.whl", hash = "sha256:44e1ad92c8ca002de6377e165f3e0f1be63266ab4d554740532335b9d75ea669", size = 20556 },
]

[[package]]
name = "psycopg"
version = "3.2.3"
source = { registry = "https://pypi.org/simple" }
dependencies = [
    { name = "tzdata", marker = "sys_platform == 'win32'" },
]
sdist = { url = "https://files.pythonhosted.org/packages/d1/ad/7ce016ae63e231575df0498d2395d15f005f05e32d3a2d439038e1bd0851/psycopg-3.2.3.tar.gz", hash = "sha256:a5764f67c27bec8bfac85764d23c534af2c27b893550377e37ce59c12aac47a2", size = 155550 }
wheels = [
    { url = "https://files.pythonhosted.org/packages/ce/21/534b8f5bd9734b7a2fcd3a16b1ee82ef6cad81a4796e95ebf4e0c6a24119/psycopg-3.2.3-py3-none-any.whl", hash = "sha256:644d3973fe26908c73d4be746074f6e5224b03c1101d302d9a53bf565ad64907", size = 197934 },
]

[package.optional-dependencies]
binary = [
    { name = "psycopg-binary", marker = "implementation_name != 'pypy'" },
]

[[package]]
name = "psycopg-binary"
version = "3.2.3"
source = { registry = "https://pypi.org/simple" }
wheels = [
    { url = "https://files.pythonhosted.org/packages/c6/bf/717c5e51c68e2498b60a6e9f1476cc47953013275a54bf8e23fd5082a72d/psycopg_binary-3.2.3-cp313-cp313-macosx_12_0_x86_64.whl", hash = "sha256:41fdec0182efac66b27478ac15ef54c9ebcecf0e26ed467eb7d6f262a913318b", size = 3360874 },
    { url = "https://files.pythonhosted.org/packages/31/d5/6f9ad6fe5ef80ca9172bc3d028ebae8e9a1ee8aebd917c95c747a5efd85f/psycopg_binary-3.2.3-cp313-cp313-macosx_14_0_arm64.whl", hash = "sha256:07d019a786eb020c0f984691aa1b994cb79430061065a694cf6f94056c603d26", size = 3502320 },
    { url = "https://files.pythonhosted.org/packages/fb/7b/c58dd26c27fe7a491141ca765c103e702872ff1c174ebd669d73d7fb0b5d/psycopg_binary-3.2.3-cp313-cp313-manylinux_2_17_aarch64.manylinux2014_aarch64.whl", hash = "sha256:4c57615791a337378fe5381143259a6c432cdcbb1d3e6428bfb7ce59fff3fb5c", size = 4446950 },
    { url = "https://files.pythonhosted.org/packages/ed/75/acf6a81c788007b7bc0a43b02c22eff7cb19a6ace9e84c32838e86083a3f/psycopg_binary-3.2.3-cp313-cp313-manylinux_2_17_i686.manylinux2014_i686.whl", hash = "sha256:e8eb9a4e394926b93ad919cad1b0a918e9b4c846609e8c1cfb6b743683f64da0", size = 4252409 },
    { url = "https://files.pythonhosted.org/packages/83/a5/8a01b923fe42acd185d53f24fb98ead717725ede76a4cd183ff293daf1f1/psycopg_binary-3.2.3-cp313-cp313-manylinux_2_17_ppc64le.manylinux2014_ppc64le.whl", hash = "sha256:5905729668ef1418bd36fbe876322dcb0f90b46811bba96d505af89e6fbdce2f", size = 4488121 },
    { url = "https://files.pythonhosted.org/packages/14/8f/b00e65e204340ab1259ecc8d4cc4c1f72c386be5ca7bfb90ae898a058d68/psycopg_binary-3.2.3-cp313-cp313-manylinux_2_17_x86_64.manylinux2014_x86_64.whl", hash = "sha256:fd65774ed7d65101b314808b6893e1a75b7664f680c3ef18d2e5c84d570fa393", size = 4190653 },
    { url = "https://files.pythonhosted.org/packages/ce/fc/ba830fc6c9b02b66d1e2fb420736df4d78369760144169a9046f04d72ac6/psycopg_binary-3.2.3-cp313-cp313-musllinux_1_2_aarch64.whl", hash = "sha256:700679c02f9348a0d0a2adcd33a0275717cd0d0aee9d4482b47d935023629505", size = 3118074 },
    { url = "https://files.pythonhosted.org/packages/b8/75/b62d06930a615435e909e05de126aa3d49f6ec2993d1aa6a99e7faab5570/psycopg_binary-3.2.3-cp313-cp313-musllinux_1_2_i686.whl", hash = "sha256:96334bb64d054e36fed346c50c4190bad9d7c586376204f50bede21a913bf942", size = 3100457 },
    { url = "https://files.pythonhosted.org/packages/57/e5/32dc7518325d0010813853a87b19c784d8b11fdb17f5c0e0c148c5ac77af/psycopg_binary-3.2.3-cp313-cp313-musllinux_1_2_ppc64le.whl", hash = "sha256:9099e443d4cc24ac6872e6a05f93205ba1a231b1a8917317b07c9ef2b955f1f4", size = 3192788 },
    { url = "https://files.pythonhosted.org/packages/23/a3/d1aa04329253c024a2323051774446770d47b43073874a3de8cca797ed8e/psycopg_binary-3.2.3-cp313-cp313-musllinux_1_2_x86_64.whl", hash = "sha256:1985ab05e9abebfbdf3163a16ebb37fbc5d49aff2bf5b3d7375ff0920bbb54cd", size = 3234247 },
    { url = "https://files.pythonhosted.org/packages/03/20/b675af723b9a61d48abd6a3d64cbb9797697d330255d1f8105713d54ed8e/psycopg_binary-3.2.3-cp313-cp313-win_amd64.whl", hash = "sha256:e90352d7b610b4693fad0feea48549d4315d10f1eba5605421c92bb834e90170", size = 2913413 },
]

[[package]]
name = "pytest"
version = "8.3.4"
source = { registry = "https://pypi.org/simple" }
dependencies = [
    { name = "colorama", marker = "sys_platform == 'win32'" },
    { name = "iniconfig" },
    { name = "packaging" },
    { name = "pluggy" },
]
sdist = { url = "https://files.pythonhosted.org/packages/05/35/30e0d83068951d90a01852cb1cef56e5d8a09d20c7f511634cc2f7e0372a/pytest-8.3.4.tar.gz", hash = "sha256:965370d062bce11e73868e0335abac31b4d3de0e82f4007408d242b4f8610761", size = 1445919 }
wheels = [
    { url = "https://files.pythonhosted.org/packages/11/92/76a1c94d3afee238333bc0a42b82935dd8f9cf8ce9e336ff87ee14d9e1cf/pytest-8.3.4-py3-none-any.whl", hash = "sha256:50e16d954148559c9a74109af1eaf0c945ba2d8f30f0a3d3335edde19788b6f6", size = 343083 },
]

[[package]]
name = "pytest-django"
version = "4.9.0"
source = { registry = "https://pypi.org/simple" }
dependencies = [
    { name = "pytest" },
]
sdist = { url = "https://files.pythonhosted.org/packages/02/c0/43c8b2528c24d7f1a48a47e3f7381f5ab2ae8c64634b0c3f4bd843063955/pytest_django-4.9.0.tar.gz", hash = "sha256:8bf7bc358c9ae6f6fc51b6cebb190fe20212196e6807121f11bd6a3b03428314", size = 84067 }
wheels = [
    { url = "https://files.pythonhosted.org/packages/47/fe/54f387ee1b41c9ad59e48fb8368a361fad0600fe404315e31a12bacaea7d/pytest_django-4.9.0-py3-none-any.whl", hash = "sha256:1d83692cb39188682dbb419ff0393867e9904094a549a7d38a3154d5731b2b99", size = 23723 },
]

[[package]]
name = "python-ipware"
version = "3.0.0"
source = { registry = "https://pypi.org/simple" }
sdist = { url = "https://files.pythonhosted.org/packages/9e/60/da4426c3e9aee56f08b24091a9e85a0414260f928f97afd0013dfbd0332f/python_ipware-3.0.0.tar.gz", hash = "sha256:9117b1c4dddcb5d5ca49e6a9617de2fc66aec2ef35394563ac4eecabdf58c062", size = 16609 }
wheels = [
    { url = "https://files.pythonhosted.org/packages/08/bd/ccd7416fdb30f104ddf6cfd8ee9f699441c7d9880a26f9b3089438adee05/python_ipware-3.0.0-py3-none-any.whl", hash = "sha256:fc936e6e7ec9fcc107f9315df40658f468ac72f739482a707181742882e36b60", size = 10761 },
]

[[package]]
name = "ruff"
version = "0.9.1"
source = { registry = "https://pypi.org/simple" }
sdist = { url = "https://files.pythonhosted.org/packages/67/3e/e89f736f01aa9517a97e2e7e0ce8d34a4d8207087b3cfdec95133fee13b5/ruff-0.9.1.tar.gz", hash = "sha256:fd2b25ecaf907d6458fa842675382c8597b3c746a2dde6717fe3415425df0c17", size = 3498844 }
wheels = [
    { url = "https://files.pythonhosted.org/packages/dc/05/c3a2e0feb3d5d394cdfd552de01df9d3ec8a3a3771bbff247fab7e668653/ruff-0.9.1-py3-none-linux_armv6l.whl", hash = "sha256:84330dda7abcc270e6055551aca93fdde1b0685fc4fd358f26410f9349cf1743", size = 10645241 },
    { url = "https://files.pythonhosted.org/packages/dd/da/59f0a40e5f88ee5c054ad175caaa2319fc96571e1d29ab4730728f2aad4f/ruff-0.9.1-py3-none-macosx_10_12_x86_64.whl", hash = "sha256:3cae39ba5d137054b0e5b472aee3b78a7c884e61591b100aeb544bcd1fc38d4f", size = 10391066 },
    { url = "https://files.pythonhosted.org/packages/b7/fe/85e1c1acf0ba04a3f2d54ae61073da030f7a5dc386194f96f3c6ca444a78/ruff-0.9.1-py3-none-macosx_11_0_arm64.whl", hash = "sha256:50c647ff96f4ba288db0ad87048257753733763b409b2faf2ea78b45c8bb7fcb", size = 10012308 },
    { url = "https://files.pythonhosted.org/packages/6f/9b/780aa5d4bdca8dcea4309264b8faa304bac30e1ce0bcc910422bfcadd203/ruff-0.9.1-py3-none-manylinux_2_17_aarch64.manylinux2014_aarch64.whl", hash = "sha256:f0c8b149e9c7353cace7d698e1656ffcf1e36e50f8ea3b5d5f7f87ff9986a7ca", size = 10881960 },
    { url = "https://files.pythonhosted.org/packages/12/f4/dac4361afbfe520afa7186439e8094e4884ae3b15c8fc75fb2e759c1f267/ruff-0.9.1-py3-none-manylinux_2_17_armv7l.manylinux2014_armv7l.whl", hash = "sha256:beb3298604540c884d8b282fe7625651378e1986c25df51dec5b2f60cafc31ce", size = 10414803 },
    { url = "https://files.pythonhosted.org/packages/f0/a2/057a3cb7999513cb78d6cb33a7d1cc6401c82d7332583786e4dad9e38e44/ruff-0.9.1-py3-none-manylinux_2_17_i686.manylinux2014_i686.whl", hash = "sha256:39d0174ccc45c439093971cc06ed3ac4dc545f5e8bdacf9f067adf879544d969", size = 11464929 },
    { url = "https://files.pythonhosted.org/packages/eb/c6/1ccfcc209bee465ced4874dcfeaadc88aafcc1ea9c9f31ef66f063c187f0/ruff-0.9.1-py3-none-manylinux_2_17_ppc64.manylinux2014_ppc64.whl", hash = "sha256:69572926c0f0c9912288915214ca9b2809525ea263603370b9e00bed2ba56dbd", size = 12170717 },
    { url = "https://files.pythonhosted.org/packages/84/97/4a524027518525c7cf6931e9fd3b2382be5e4b75b2b61bec02681a7685a5/ruff-0.9.1-py3-none-manylinux_2_17_ppc64le.manylinux2014_ppc64le.whl", hash = "sha256:937267afce0c9170d6d29f01fcd1f4378172dec6760a9f4dface48cdabf9610a", size = 11708921 },
    { url = "https://files.pythonhosted.org/packages/a6/a4/4e77cf6065c700d5593b25fca6cf725b1ab6d70674904f876254d0112ed0/ruff-0.9.1-py3-none-manylinux_2_17_s390x.manylinux2014_s390x.whl", hash = "sha256:186c2313de946f2c22bdf5954b8dd083e124bcfb685732cfb0beae0c47233d9b", size = 13058074 },
    { url = "https://files.pythonhosted.org/packages/f9/d6/fcb78e0531e863d0a952c4c5600cc5cd317437f0e5f031cd2288b117bb37/ruff-0.9.1-py3-none-manylinux_2_17_x86_64.manylinux2014_x86_64.whl", hash = "sha256:3f94942a3bb767675d9a051867c036655fe9f6c8a491539156a6f7e6b5f31831", size = 11281093 },
    { url = "https://files.pythonhosted.org/packages/e4/3b/7235bbeff00c95dc2d073cfdbf2b871b5bbf476754c5d277815d286b4328/ruff-0.9.1-py3-none-musllinux_1_2_aarch64.whl", hash = "sha256:728d791b769cc28c05f12c280f99e8896932e9833fef1dd8756a6af2261fd1ab", size = 10882610 },
    { url = "https://files.pythonhosted.org/packages/2a/66/5599d23257c61cf038137f82999ca8f9d0080d9d5134440a461bef85b461/ruff-0.9.1-py3-none-musllinux_1_2_armv7l.whl", hash = "sha256:2f312c86fb40c5c02b44a29a750ee3b21002bd813b5233facdaf63a51d9a85e1", size = 10489273 },
    { url = "https://files.pythonhosted.org/packages/78/85/de4aa057e2532db0f9761e2c2c13834991e087787b93e4aeb5f1cb10d2df/ruff-0.9.1-py3-none-musllinux_1_2_i686.whl", hash = "sha256:ae017c3a29bee341ba584f3823f805abbe5fe9cd97f87ed07ecbf533c4c88366", size = 11003314 },
    { url = "https://files.pythonhosted.org/packages/00/42/afedcaa089116d81447347f76041ff46025849fedb0ed2b187d24cf70fca/ruff-0.9.1-py3-none-musllinux_1_2_x86_64.whl", hash = "sha256:5dc40a378a0e21b4cfe2b8a0f1812a6572fc7b230ef12cd9fac9161aa91d807f", size = 11342982 },
    { url = "https://files.pythonhosted.org/packages/39/c6/fe45f3eb27e3948b41a305d8b768e949bf6a39310e9df73f6c576d7f1d9f/ruff-0.9.1-py3-none-win32.whl", hash = "sha256:46ebf5cc106cf7e7378ca3c28ce4293b61b449cd121b98699be727d40b79ba72", size = 8819750 },
    { url = "https://files.pythonhosted.org/packages/38/8d/580db77c3b9d5c3d9479e55b0b832d279c30c8f00ab0190d4cd8fc67831c/ruff-0.9.1-py3-none-win_amd64.whl", hash = "sha256:342a824b46ddbcdddd3abfbb332fa7fcaac5488bf18073e841236aadf4ad5c19", size = 9701331 },
    { url = "https://files.pythonhosted.org/packages/b2/94/0498cdb7316ed67a1928300dd87d659c933479f44dec51b4f62bfd1f8028/ruff-0.9.1-py3-none-win_arm64.whl", hash = "sha256:1cd76c7f9c679e6e8f2af8f778367dca82b95009bc7b1a85a47f1521ae524fa7", size = 9145708 },
]

[[package]]
name = "sniffio"
version = "1.3.1"
source = { registry = "https://pypi.org/simple" }
sdist = { url = "https://files.pythonhosted.org/packages/a2/87/a6771e1546d97e7e041b6ae58d80074f81b7d5121207425c964ddf5cfdbd/sniffio-1.3.1.tar.gz", hash = "sha256:f4324edc670a0f49750a81b895f35c3adb843cca46f0530f79fc1babb23789dc", size = 20372 }
wheels = [
    { url = "https://files.pythonhosted.org/packages/e9/44/75a9c9421471a6c4805dbf2356f7c181a29c1879239abab1ea2cc8f38b40/sniffio-1.3.1-py3-none-any.whl", hash = "sha256:2f6da418d1f1e0fddd844478f41680e794e6051915791a034ff65e5f100525a2", size = 10235 },
]

[[package]]
name = "sqlparse"
version = "0.5.3"
source = { registry = "https://pypi.org/simple" }
sdist = { url = "https://files.pythonhosted.org/packages/e5/40/edede8dd6977b0d3da179a342c198ed100dd2aba4be081861ee5911e4da4/sqlparse-0.5.3.tar.gz", hash = "sha256:09f67787f56a0b16ecdbde1bfc7f5d9c3371ca683cfeaa8e6ff60b4807ec9272", size = 84999 }
wheels = [
    { url = "https://files.pythonhosted.org/packages/a9/5c/bfd6bd0bf979426d405cc6e71eceb8701b148b16c21d2dc3c261efc61c7b/sqlparse-0.5.3-py3-none-any.whl", hash = "sha256:cf2196ed3418f3ba5de6af7e82c694a9fbdbfecccdfc72e281548517081f16ca", size = 44415 },
]

[[package]]
name = "structlog"
version = "25.1.0"
source = { registry = "https://pypi.org/simple" }
sdist = { url = "https://files.pythonhosted.org/packages/25/fe/578db23e17392a8693b45a7b7dc6985370f51dd937157def8ecc7b20930d/structlog-25.1.0.tar.gz", hash = "sha256:2ef2a572e0e27f09664965d31a576afe64e46ac6084ef5cec3c2b8cd6e4e3ad3", size = 1364973 }
wheels = [
    { url = "https://files.pythonhosted.org/packages/c1/14/e9aed6c820fa166e8a19a19e663e98bd5538004d68a70c5752458ca3656e/structlog-25.1.0-py3-none-any.whl", hash = "sha256:843fe4f254540329f380812cbe612e1af5ec5b8172205ae634679cd35a6d6321", size = 68921 },
]

[[package]]
name = "tzdata"
version = "2024.2"
source = { registry = "https://pypi.org/simple" }
sdist = { url = "https://files.pythonhosted.org/packages/e1/34/943888654477a574a86a98e9896bae89c7aa15078ec29f490fef2f1e5384/tzdata-2024.2.tar.gz", hash = "sha256:7d85cc416e9382e69095b7bdf4afd9e3880418a2413feec7069d533d6b4e31cc", size = 193282 }
wheels = [
    { url = "https://files.pythonhosted.org/packages/a6/ab/7e5f53c3b9d14972843a647d8d7a853969a58aecc7559cb3267302c94774/tzdata-2024.2-py2.py3-none-any.whl", hash = "sha256:a48093786cdcde33cad18c2555e8532f34422074448fbc874186f0abd79565cd", size = 346586 },
]

[[package]]
name = "unpoly"
version = "3.1.0"
source = { registry = "https://pypi.org/simple" }
dependencies = [
    { name = "attrs" },
]
sdist = { url = "https://files.pythonhosted.org/packages/48/a1/1f0367c232c39fed93359f85956624b85aea872a35d466b2680324f25829/unpoly-3.1.0.tar.gz", hash = "sha256:0d2559681df7b7c28963ab48f630882c486f06056be5b6dd9d3f703097422ab3", size = 13016818 }
wheels = [
    { url = "https://files.pythonhosted.org/packages/c2/37/866e582543b86b072b2705a42836656deb373443f9662c3c9c9018d99ca6/unpoly-3.1.0-py3-none-any.whl", hash = "sha256:e605a1c1c35560fd11424ad770369d4639eeb7a0e0eea68b9c6e1babbc38eea4", size = 10122 },
]

[[package]]
name = "uvloop"
version = "0.21.0"
source = { registry = "https://pypi.org/simple" }
sdist = { url = "https://files.pythonhosted.org/packages/af/c0/854216d09d33c543f12a44b393c402e89a920b1a0a7dc634c42de91b9cf6/uvloop-0.21.0.tar.gz", hash = "sha256:3bf12b0fda68447806a7ad847bfa591613177275d35b6724b1ee573faa3704e3", size = 2492741 }
wheels = [
    { url = "https://files.pythonhosted.org/packages/3f/8d/2cbef610ca21539f0f36e2b34da49302029e7c9f09acef0b1c3b5839412b/uvloop-0.21.0-cp313-cp313-macosx_10_13_universal2.whl", hash = "sha256:bfd55dfcc2a512316e65f16e503e9e450cab148ef11df4e4e679b5e8253a5281", size = 1468123 },
    { url = "https://files.pythonhosted.org/packages/93/0d/b0038d5a469f94ed8f2b2fce2434a18396d8fbfb5da85a0a9781ebbdec14/uvloop-0.21.0-cp313-cp313-macosx_10_13_x86_64.whl", hash = "sha256:787ae31ad8a2856fc4e7c095341cccc7209bd657d0e71ad0dc2ea83c4a6fa8af", size = 819325 },
    { url = "https://files.pythonhosted.org/packages/50/94/0a687f39e78c4c1e02e3272c6b2ccdb4e0085fda3b8352fecd0410ccf915/uvloop-0.21.0-cp313-cp313-manylinux_2_17_aarch64.manylinux2014_aarch64.whl", hash = "sha256:5ee4d4ef48036ff6e5cfffb09dd192c7a5027153948d85b8da7ff705065bacc6", size = 4582806 },
    { url = "https://files.pythonhosted.org/packages/d2/19/f5b78616566ea68edd42aacaf645adbf71fbd83fc52281fba555dc27e3f1/uvloop-0.21.0-cp313-cp313-manylinux_2_17_x86_64.manylinux2014_x86_64.whl", hash = "sha256:f3df876acd7ec037a3d005b3ab85a7e4110422e4d9c1571d4fc89b0fc41b6816", size = 4701068 },
    { url = "https://files.pythonhosted.org/packages/47/57/66f061ee118f413cd22a656de622925097170b9380b30091b78ea0c6ea75/uvloop-0.21.0-cp313-cp313-musllinux_1_2_aarch64.whl", hash = "sha256:bd53ecc9a0f3d87ab847503c2e1552b690362e005ab54e8a48ba97da3924c0dc", size = 4454428 },
    { url = "https://files.pythonhosted.org/packages/63/9a/0962b05b308494e3202d3f794a6e85abe471fe3cafdbcf95c2e8c713aabd/uvloop-0.21.0-cp313-cp313-musllinux_1_2_x86_64.whl", hash = "sha256:a5c39f217ab3c663dc699c04cbd50c13813e31d917642d459fdcec07555cc553", size = 4660018 },
]

[[package]]
name = "watchfiles"
version = "0.24.0"
source = { registry = "https://pypi.org/simple" }
dependencies = [
    { name = "anyio" },
]
sdist = { url = "https://files.pythonhosted.org/packages/c8/27/2ba23c8cc85796e2d41976439b08d52f691655fdb9401362099502d1f0cf/watchfiles-0.24.0.tar.gz", hash = "sha256:afb72325b74fa7a428c009c1b8be4b4d7c2afedafb2982827ef2156646df2fe1", size = 37870 }
wheels = [
    { url = "https://files.pythonhosted.org/packages/30/dc/6e9f5447ae14f645532468a84323a942996d74d5e817837a5c8ce9d16c69/watchfiles-0.24.0-cp313-cp313-macosx_10_12_x86_64.whl", hash = "sha256:3d2e3ab79a1771c530233cadfd277fcc762656d50836c77abb2e5e72b88e3a48", size = 373764 },
    { url = "https://files.pythonhosted.org/packages/79/c0/c3a9929c372816c7fc87d8149bd722608ea58dc0986d3ef7564c79ad7112/watchfiles-0.24.0-cp313-cp313-macosx_11_0_arm64.whl", hash = "sha256:327763da824817b38ad125dcd97595f942d720d32d879f6c4ddf843e3da3fe90", size = 367873 },
    { url = "https://files.pythonhosted.org/packages/2e/11/ff9a4445a7cfc1c98caf99042df38964af12eed47d496dd5d0d90417349f/watchfiles-0.24.0-cp313-cp313-manylinux_2_17_aarch64.manylinux2014_aarch64.whl", hash = "sha256:bd82010f8ab451dabe36054a1622870166a67cf3fce894f68895db6f74bbdc94", size = 438381 },
    { url = "https://files.pythonhosted.org/packages/48/a3/763ba18c98211d7bb6c0f417b2d7946d346cdc359d585cc28a17b48e964b/watchfiles-0.24.0-cp313-cp313-manylinux_2_17_armv7l.manylinux2014_armv7l.whl", hash = "sha256:d64ba08db72e5dfd5c33be1e1e687d5e4fcce09219e8aee893a4862034081d4e", size = 432809 },
    { url = "https://files.pythonhosted.org/packages/30/4c/616c111b9d40eea2547489abaf4ffc84511e86888a166d3a4522c2ba44b5/watchfiles-0.24.0-cp313-cp313-manylinux_2_17_i686.manylinux2014_i686.whl", hash = "sha256:1cf1f6dd7825053f3d98f6d33f6464ebdd9ee95acd74ba2c34e183086900a827", size = 451801 },
    { url = "https://files.pythonhosted.org/packages/b6/be/d7da83307863a422abbfeb12903a76e43200c90ebe5d6afd6a59d158edea/watchfiles-0.24.0-cp313-cp313-manylinux_2_17_ppc64le.manylinux2014_ppc64le.whl", hash = "sha256:43e3e37c15a8b6fe00c1bce2473cfa8eb3484bbeecf3aefbf259227e487a03df", size = 468886 },
    { url = "https://files.pythonhosted.org/packages/1d/d3/3dfe131ee59d5e90b932cf56aba5c996309d94dafe3d02d204364c23461c/watchfiles-0.24.0-cp313-cp313-manylinux_2_17_s390x.manylinux2014_s390x.whl", hash = "sha256:88bcd4d0fe1d8ff43675360a72def210ebad3f3f72cabfeac08d825d2639b4ab", size = 472973 },
    { url = "https://files.pythonhosted.org/packages/42/6c/279288cc5653a289290d183b60a6d80e05f439d5bfdfaf2d113738d0f932/watchfiles-0.24.0-cp313-cp313-manylinux_2_17_x86_64.manylinux2014_x86_64.whl", hash = "sha256:999928c6434372fde16c8f27143d3e97201160b48a614071261701615a2a156f", size = 425282 },
    { url = "https://files.pythonhosted.org/packages/d6/d7/58afe5e85217e845edf26d8780c2d2d2ae77675eeb8d1b8b8121d799ce52/watchfiles-0.24.0-cp313-cp313-musllinux_1_1_aarch64.whl", hash = "sha256:30bbd525c3262fd9f4b1865cb8d88e21161366561cd7c9e1194819e0a33ea86b", size = 612540 },
    { url = "https://files.pythonhosted.org/packages/6d/d5/b96eeb9fe3fda137200dd2f31553670cbc731b1e13164fd69b49870b76ec/watchfiles-0.24.0-cp313-cp313-musllinux_1_1_x86_64.whl", hash = "sha256:edf71b01dec9f766fb285b73930f95f730bb0943500ba0566ae234b5c1618c18", size = 593625 },
    { url = "https://files.pythonhosted.org/packages/c1/e5/c326fe52ee0054107267608d8cea275e80be4455b6079491dfd9da29f46f/watchfiles-0.24.0-cp313-none-win32.whl", hash = "sha256:f4c96283fca3ee09fb044f02156d9570d156698bc3734252175a38f0e8975f07", size = 263899 },
    { url = "https://files.pythonhosted.org/packages/a6/8b/8a7755c5e7221bb35fe4af2dc44db9174f90ebf0344fd5e9b1e8b42d381e/watchfiles-0.24.0-cp313-none-win_amd64.whl", hash = "sha256:a974231b4fdd1bb7f62064a0565a6b107d27d21d9acb50c484d2cdba515b9366", size = 276622 },
]

[[package]]
name = "whitenoise"
version = "6.8.2"
source = { registry = "https://pypi.org/simple" }
sdist = { url = "https://files.pythonhosted.org/packages/68/49/c21ebb5b911888c349a849ec7d1ead2dffbbcc4e2be0f6af2a7dbac03393/whitenoise-6.8.2.tar.gz", hash = "sha256:486bd7267a375fa9650b136daaec156ac572971acc8bf99add90817a530dd1d4", size = 25892 }
wheels = [
    { url = "https://files.pythonhosted.org/packages/8c/3a/8d22513e1942899270dcdbd47f9886309836442cd7ede4b0d00be79715f5/whitenoise-6.8.2-py3-none-any.whl", hash = "sha256:df12dce147a043d1956d81d288c6f0044147c6d2ab9726e5772ac50fb45d2280", size = 20158 },
]
